// !$*UTF8*$!
{
	archiveVersion = 1;
	classes = {
	};
	objectVersion = 50;
	objects = {

/* Begin PBXBuildFile section */
		4705C59C21B6344800370F44 /* AppDelegate.swift in Sources */ = {isa = PBXBuildFile; fileRef = 4705C59B21B6344800370F44 /* AppDelegate.swift */; };
		4705C59E21B6344800370F44 /* TabBarController.swift in Sources */ = {isa = PBXBuildFile; fileRef = 4705C59D21B6344800370F44 /* TabBarController.swift */; };
		4705C5A121B6344800370F44 /* Main.storyboard in Resources */ = {isa = PBXBuildFile; fileRef = 4705C59F21B6344800370F44 /* Main.storyboard */; };
		4705C5A321B6345D00370F44 /* Assets.xcassets in Resources */ = {isa = PBXBuildFile; fileRef = 4705C5A221B6345D00370F44 /* Assets.xcassets */; };
		4705C5A621B6345D00370F44 /* LaunchScreen.storyboard in Resources */ = {isa = PBXBuildFile; fileRef = 4705C5A421B6345D00370F44 /* LaunchScreen.storyboard */; };
		4705C5B021B6A91700370F44 /* FlashcardsCollectionViewController.swift in Sources */ = {isa = PBXBuildFile; fileRef = 4705C5AF21B6A91700370F44 /* FlashcardsCollectionViewController.swift */; };
		4705C5D421B7791B00370F44 /* DBModel.xcdatamodeld in Sources */ = {isa = PBXBuildFile; fileRef = 4705C5D221B7791B00370F44 /* DBModel.xcdatamodeld */; };
		4705C5D621B787D000370F44 /* Words.swift in Sources */ = {isa = PBXBuildFile; fileRef = 4705C5D521B787D000370F44 /* Words.swift */; };
		4705C5DE21B7EC3600370F44 /* MyFlashcards.swift in Sources */ = {isa = PBXBuildFile; fileRef = 4705C5DD21B7EC3600370F44 /* MyFlashcards.swift */; };
		4705C5E021B7EC9700370F44 /* Sentences.swift in Sources */ = {isa = PBXBuildFile; fileRef = 4705C5DF21B7EC9700370F44 /* Sentences.swift */; };
		4705C5E221B91C3000370F44 /* HskFlashcards.swift in Sources */ = {isa = PBXBuildFile; fileRef = 4705C5E121B91C3000370F44 /* HskFlashcards.swift */; };
		4708621921B93F2200E69B59 /* CodableHskFlashcardsModel.swift in Sources */ = {isa = PBXBuildFile; fileRef = 4708621821B93F2200E69B59 /* CodableHskFlashcardsModel.swift */; };
		471D92F021BE472400C6F581 /* FlashcardsTableViewController.swift in Sources */ = {isa = PBXBuildFile; fileRef = 471D92EF21BE472400C6F581 /* FlashcardsTableViewController.swift */; };
		471D92F421BE61D800C6F581 /* FlashcardCollectionViewCell.swift in Sources */ = {isa = PBXBuildFile; fileRef = 471D92F321BE61D800C6F581 /* FlashcardCollectionViewCell.swift */; };
		471D92F621BF5CB800C6F581 /* FlashcardDetailsCollectionViewController.swift in Sources */ = {isa = PBXBuildFile; fileRef = 471D92F521BF5CB800C6F581 /* FlashcardDetailsCollectionViewController.swift */; };
		471D92F821BF5D3C00C6F581 /* FlashcardDetailsCollectionViewCell.swift in Sources */ = {isa = PBXBuildFile; fileRef = 471D92F721BF5D3C00C6F581 /* FlashcardDetailsCollectionViewCell.swift */; };
		4773B4B221BF741100504AE2 /* HomeViewController.swift in Sources */ = {isa = PBXBuildFile; fileRef = 4773B4B121BF741100504AE2 /* HomeViewController.swift */; };
		479DCC2821BE0760006E9585 /* PopulateDBfromJSON.swift in Sources */ = {isa = PBXBuildFile; fileRef = 479DCC2721BE0760006E9585 /* PopulateDBfromJSON.swift */; };
/* End PBXBuildFile section */

/* Begin PBXFileReference section */
		4705C59821B6344800370F44 /* LearnChinese.app */ = {isa = PBXFileReference; explicitFileType = wrapper.application; includeInIndex = 0; path = LearnChinese.app; sourceTree = BUILT_PRODUCTS_DIR; };
		4705C59B21B6344800370F44 /* AppDelegate.swift */ = {isa = PBXFileReference; lastKnownFileType = sourcecode.swift; path = AppDelegate.swift; sourceTree = "<group>"; };
		4705C59D21B6344800370F44 /* TabBarController.swift */ = {isa = PBXFileReference; lastKnownFileType = sourcecode.swift; path = TabBarController.swift; sourceTree = "<group>"; };
		4705C5A021B6344800370F44 /* Base */ = {isa = PBXFileReference; lastKnownFileType = file.storyboard; name = Base; path = Base.lproj/Main.storyboard; sourceTree = "<group>"; };
		4705C5A221B6345D00370F44 /* Assets.xcassets */ = {isa = PBXFileReference; lastKnownFileType = folder.assetcatalog; path = Assets.xcassets; sourceTree = "<group>"; };
		4705C5A521B6345D00370F44 /* Base */ = {isa = PBXFileReference; lastKnownFileType = file.storyboard; name = Base; path = Base.lproj/LaunchScreen.storyboard; sourceTree = "<group>"; };
		4705C5A721B6345D00370F44 /* Info.plist */ = {isa = PBXFileReference; lastKnownFileType = text.plist.xml; path = Info.plist; sourceTree = "<group>"; };
		4705C5AF21B6A91700370F44 /* FlashcardsCollectionViewController.swift */ = {isa = PBXFileReference; lastKnownFileType = sourcecode.swift; path = FlashcardsCollectionViewController.swift; sourceTree = "<group>"; };
		4705C5D321B7791B00370F44 /* DBModel.xcdatamodel */ = {isa = PBXFileReference; lastKnownFileType = wrapper.xcdatamodel; path = DBModel.xcdatamodel; sourceTree = "<group>"; };
		4705C5D521B787D000370F44 /* Words.swift */ = {isa = PBXFileReference; lastKnownFileType = sourcecode.swift; path = Words.swift; sourceTree = "<group>"; };
		4705C5DD21B7EC3600370F44 /* MyFlashcards.swift */ = {isa = PBXFileReference; lastKnownFileType = sourcecode.swift; path = MyFlashcards.swift; sourceTree = "<group>"; };
		4705C5DF21B7EC9700370F44 /* Sentences.swift */ = {isa = PBXFileReference; lastKnownFileType = sourcecode.swift; path = Sentences.swift; sourceTree = "<group>"; };
		4705C5E121B91C3000370F44 /* HskFlashcards.swift */ = {isa = PBXFileReference; lastKnownFileType = sourcecode.swift; path = HskFlashcards.swift; sourceTree = "<group>"; };
		4708621821B93F2200E69B59 /* CodableHskFlashcardsModel.swift */ = {isa = PBXFileReference; lastKnownFileType = sourcecode.swift; path = CodableHskFlashcardsModel.swift; sourceTree = "<group>"; };
		471D92EF21BE472400C6F581 /* FlashcardsTableViewController.swift */ = {isa = PBXFileReference; lastKnownFileType = sourcecode.swift; path = FlashcardsTableViewController.swift; sourceTree = "<group>"; };
		471D92F321BE61D800C6F581 /* FlashcardCollectionViewCell.swift */ = {isa = PBXFileReference; lastKnownFileType = sourcecode.swift; path = FlashcardCollectionViewCell.swift; sourceTree = "<group>"; };
		471D92F521BF5CB800C6F581 /* FlashcardDetailsCollectionViewController.swift */ = {isa = PBXFileReference; lastKnownFileType = sourcecode.swift; path = FlashcardDetailsCollectionViewController.swift; sourceTree = "<group>"; };
		471D92F721BF5D3C00C6F581 /* FlashcardDetailsCollectionViewCell.swift */ = {isa = PBXFileReference; lastKnownFileType = sourcecode.swift; path = FlashcardDetailsCollectionViewCell.swift; sourceTree = "<group>"; };
		4773B4B121BF741100504AE2 /* HomeViewController.swift */ = {isa = PBXFileReference; lastKnownFileType = sourcecode.swift; path = HomeViewController.swift; sourceTree = "<group>"; };
		479DCC2721BE0760006E9585 /* PopulateDBfromJSON.swift */ = {isa = PBXFileReference; lastKnownFileType = sourcecode.swift; path = PopulateDBfromJSON.swift; sourceTree = "<group>"; };
/* End PBXFileReference section */

/* Begin PBXFrameworksBuildPhase section */
		4705C59521B6344800370F44 /* Frameworks */ = {
			isa = PBXFrameworksBuildPhase;
			buildActionMask = 2147483647;
			files = (
			);
			runOnlyForDeploymentPostprocessing = 0;
		};
/* End PBXFrameworksBuildPhase section */

/* Begin PBXGroup section */
		4705C58F21B6344800370F44 = {
			isa = PBXGroup;
			children = (
				4705C59A21B6344800370F44 /* LearnChinese */,
				4705C59921B6344800370F44 /* Products */,
			);
			sourceTree = "<group>";
		};
		4705C59921B6344800370F44 /* Products */ = {
			isa = PBXGroup;
			children = (
				4705C59821B6344800370F44 /* LearnChinese.app */,
			);
			name = Products;
			sourceTree = "<group>";
		};
		4705C59A21B6344800370F44 /* LearnChinese */ = {
			isa = PBXGroup;
			children = (
				4705C59B21B6344800370F44 /* AppDelegate.swift */,
				4705C5D221B7791B00370F44 /* DBModel.xcdatamodeld */,
				4705C59D21B6344800370F44 /* TabBarController.swift */,
				4705C59F21B6344800370F44 /* Main.storyboard */,
				4705C5A221B6345D00370F44 /* Assets.xcassets */,
				4705C5A421B6345D00370F44 /* LaunchScreen.storyboard */,
				4705C5A721B6345D00370F44 /* Info.plist */,
				4705C5D521B787D000370F44 /* Words.swift */,
				4705C5DD21B7EC3600370F44 /* MyFlashcards.swift */,
				4705C5DF21B7EC9700370F44 /* Sentences.swift */,
				4705C5E121B91C3000370F44 /* HskFlashcards.swift */,
				4708621821B93F2200E69B59 /* CodableHskFlashcardsModel.swift */,
				479DCC2721BE0760006E9585 /* PopulateDBfromJSON.swift */,
				471D92EF21BE472400C6F581 /* FlashcardsTableViewController.swift */,
				471D92F321BE61D800C6F581 /* FlashcardCollectionViewCell.swift */,
				4705C5AF21B6A91700370F44 /* FlashcardsCollectionViewController.swift */,
				471D92F521BF5CB800C6F581 /* FlashcardDetailsCollectionViewController.swift */,
				471D92F721BF5D3C00C6F581 /* FlashcardDetailsCollectionViewCell.swift */,
				4773B4B121BF741100504AE2 /* HomeViewController.swift */,
			);
			path = LearnChinese;
			sourceTree = "<group>";
		};
/* End PBXGroup section */

/* Begin PBXNativeTarget section */
		4705C59721B6344800370F44 /* LearnChinese */ = {
			isa = PBXNativeTarget;
			buildConfigurationList = 4705C5AA21B6345D00370F44 /* Build configuration list for PBXNativeTarget "LearnChinese" */;
			buildPhases = (
				4705C59421B6344800370F44 /* Sources */,
				4705C59521B6344800370F44 /* Frameworks */,
				4705C59621B6344800370F44 /* Resources */,
			);
			buildRules = (
			);
			dependencies = (
			);
			name = LearnChinese;
			productName = LearnChinese;
			productReference = 4705C59821B6344800370F44 /* LearnChinese.app */;
			productType = "com.apple.product-type.application";
		};
/* End PBXNativeTarget section */

/* Begin PBXProject section */
		4705C59021B6344800370F44 /* Project object */ = {
			isa = PBXProject;
			attributes = {
				LastSwiftUpdateCheck = 1010;
				LastUpgradeCheck = 1010;
				ORGANIZATIONNAME = "Sorin Lica";
				TargetAttributes = {
					4705C59721B6344800370F44 = {
						CreatedOnToolsVersion = 10.1;
					};
				};
			};
			buildConfigurationList = 4705C59321B6344800370F44 /* Build configuration list for PBXProject "LearnChinese" */;
			compatibilityVersion = "Xcode 9.3";
			developmentRegion = en;
			hasScannedForEncodings = 0;
			knownRegions = (
				en,
				Base,
			);
			mainGroup = 4705C58F21B6344800370F44;
			productRefGroup = 4705C59921B6344800370F44 /* Products */;
			projectDirPath = "";
			projectRoot = "";
			targets = (
				4705C59721B6344800370F44 /* LearnChinese */,
			);
		};
/* End PBXProject section */

/* Begin PBXResourcesBuildPhase section */
		4705C59621B6344800370F44 /* Resources */ = {
			isa = PBXResourcesBuildPhase;
			buildActionMask = 2147483647;
			files = (
				4705C5A621B6345D00370F44 /* LaunchScreen.storyboard in Resources */,
				4705C5A321B6345D00370F44 /* Assets.xcassets in Resources */,
				4705C5A121B6344800370F44 /* Main.storyboard in Resources */,
			);
			runOnlyForDeploymentPostprocessing = 0;
		};
/* End PBXResourcesBuildPhase section */

/* Begin PBXSourcesBuildPhase section */
		4705C59421B6344800370F44 /* Sources */ = {
			isa = PBXSourcesBuildPhase;
			buildActionMask = 2147483647;
			files = (
				471D92F021BE472400C6F581 /* FlashcardsTableViewController.swift in Sources */,
				4705C5DE21B7EC3600370F44 /* MyFlashcards.swift in Sources */,
				479DCC2821BE0760006E9585 /* PopulateDBfromJSON.swift in Sources */,
				4705C5E221B91C3000370F44 /* HskFlashcards.swift in Sources */,
				471D92F621BF5CB800C6F581 /* FlashcardDetailsCollectionViewController.swift in Sources */,
				4705C5E021B7EC9700370F44 /* Sentences.swift in Sources */,
				4705C5D421B7791B00370F44 /* DBModel.xcdatamodeld in Sources */,
				4705C5B021B6A91700370F44 /* FlashcardsCollectionViewController.swift in Sources */,
				4708621921B93F2200E69B59 /* CodableHskFlashcardsModel.swift in Sources */,
				471D92F421BE61D800C6F581 /* FlashcardCollectionViewCell.swift in Sources */,
				4773B4B221BF741100504AE2 /* HomeViewController.swift in Sources */,
				4705C5D621B787D000370F44 /* Words.swift in Sources */,
				4705C59E21B6344800370F44 /* TabBarController.swift in Sources */,
				4705C59C21B6344800370F44 /* AppDelegate.swift in Sources */,
				471D92F821BF5D3C00C6F581 /* FlashcardDetailsCollectionViewCell.swift in Sources */,
			);
			runOnlyForDeploymentPostprocessing = 0;
		};
/* End PBXSourcesBuildPhase section */

/* Begin PBXVariantGroup section */
		4705C59F21B6344800370F44 /* Main.storyboard */ = {
			isa = PBXVariantGroup;
			children = (
				4705C5A021B6344800370F44 /* Base */,
			);
			name = Main.storyboard;
			sourceTree = "<group>";
		};
		4705C5A421B6345D00370F44 /* LaunchScreen.storyboard */ = {
			isa = PBXVariantGroup;
			children = (
				4705C5A521B6345D00370F44 /* Base */,
			);
			name = LaunchScreen.storyboard;
			sourceTree = "<group>";
		};
/* End PBXVariantGroup section */

/* Begin XCBuildConfiguration section */
		4705C5A821B6345D00370F44 /* Debug */ = {
			isa = XCBuildConfiguration;
			buildSettings = {
				ALWAYS_SEARCH_USER_PATHS = NO;
				CLANG_ANALYZER_NONNULL = YES;
				CLANG_ANALYZER_NUMBER_OBJECT_CONVERSION = YES_AGGRESSIVE;
				CLANG_CXX_LANGUAGE_STANDARD = "gnu++14";
				CLANG_CXX_LIBRARY = "libc++";
				CLANG_ENABLE_MODULES = YES;
				CLANG_ENABLE_OBJC_ARC = YES;
				CLANG_ENABLE_OBJC_WEAK = YES;
				CLANG_WARN_BLOCK_CAPTURE_AUTORELEASING = YES;
				CLANG_WARN_BOOL_CONVERSION = YES;
				CLANG_WARN_COMMA = YES;
				CLANG_WARN_CONSTANT_CONVERSION = YES;
				CLANG_WARN_DEPRECATED_OBJC_IMPLEMENTATIONS = YES;
				CLANG_WARN_DIRECT_OBJC_ISA_USAGE = YES_ERROR;
				CLANG_WARN_DOCUMENTATION_COMMENTS = YES;
				CLANG_WARN_EMPTY_BODY = YES;
				CLANG_WARN_ENUM_CONVERSION = YES;
				CLANG_WARN_INFINITE_RECURSION = YES;
				CLANG_WARN_INT_CONVERSION = YES;
				CLANG_WARN_NON_LITERAL_NULL_CONVERSION = YES;
				CLANG_WARN_OBJC_IMPLICIT_RETAIN_SELF = YES;
				CLANG_WARN_OBJC_LITERAL_CONVERSION = YES;
				CLANG_WARN_OBJC_ROOT_CLASS = YES_ERROR;
				CLANG_WARN_RANGE_LOOP_ANALYSIS = YES;
				CLANG_WARN_STRICT_PROTOTYPES = YES;
				CLANG_WARN_SUSPICIOUS_MOVE = YES;
				CLANG_WARN_UNGUARDED_AVAILABILITY = YES_AGGRESSIVE;
				CLANG_WARN_UNREACHABLE_CODE = YES;
				CLANG_WARN__DUPLICATE_METHOD_MATCH = YES;
				CODE_SIGN_IDENTITY = "iPhone Developer";
				COPY_PHASE_STRIP = NO;
				DEBUG_INFORMATION_FORMAT = dwarf;
				ENABLE_STRICT_OBJC_MSGSEND = YES;
				ENABLE_TESTABILITY = YES;
				GCC_C_LANGUAGE_STANDARD = gnu11;
				GCC_DYNAMIC_NO_PIC = NO;
				GCC_NO_COMMON_BLOCKS = YES;
				GCC_OPTIMIZATION_LEVEL = 0;
				GCC_PREPROCESSOR_DEFINITIONS = (
					"DEBUG=1",
					"$(inherited)",
				);
				GCC_WARN_64_TO_32_BIT_CONVERSION = YES;
				GCC_WARN_ABOUT_RETURN_TYPE = YES_ERROR;
				GCC_WARN_UNDECLARED_SELECTOR = YES;
				GCC_WARN_UNINITIALIZED_AUTOS = YES_AGGRESSIVE;
				GCC_WARN_UNUSED_FUNCTION = YES;
				GCC_WARN_UNUSED_VARIABLE = YES;
				IPHONEOS_DEPLOYMENT_TARGET = 12.1;
				MTL_ENABLE_DEBUG_INFO = INCLUDE_SOURCE;
				MTL_FAST_MATH = YES;
				ONLY_ACTIVE_ARCH = YES;
				SDKROOT = iphoneos;
				SWIFT_ACTIVE_COMPILATION_CONDITIONS = DEBUG;
				SWIFT_OPTIMIZATION_LEVEL = "-Onone";
			};
			name = Debug;
		};
		4705C5A921B6345D00370F44 /* Release */ = {
			isa = XCBuildConfiguration;
			buildSettings = {
				ALWAYS_SEARCH_USER_PATHS = NO;
				CLANG_ANALYZER_NONNULL = YES;
				CLANG_ANALYZER_NUMBER_OBJECT_CONVERSION = YES_AGGRESSIVE;
				CLANG_CXX_LANGUAGE_STANDARD = "gnu++14";
				CLANG_CXX_LIBRARY = "libc++";
				CLANG_ENABLE_MODULES = YES;
				CLANG_ENABLE_OBJC_ARC = YES;
				CLANG_ENABLE_OBJC_WEAK = YES;
				CLANG_WARN_BLOCK_CAPTURE_AUTORELEASING = YES;
				CLANG_WARN_BOOL_CONVERSION = YES;
				CLANG_WARN_COMMA = YES;
				CLANG_WARN_CONSTANT_CONVERSION = YES;
				CLANG_WARN_DEPRECATED_OBJC_IMPLEMENTATIONS = YES;
				CLANG_WARN_DIRECT_OBJC_ISA_USAGE = YES_ERROR;
				CLANG_WARN_DOCUMENTATION_COMMENTS = YES;
				CLANG_WARN_EMPTY_BODY = YES;
				CLANG_WARN_ENUM_CONVERSION = YES;
				CLANG_WARN_INFINITE_RECURSION = YES;
				CLANG_WARN_INT_CONVERSION = YES;
				CLANG_WARN_NON_LITERAL_NULL_CONVERSION = YES;
				CLANG_WARN_OBJC_IMPLICIT_RETAIN_SELF = YES;
				CLANG_WARN_OBJC_LITERAL_CONVERSION = YES;
				CLANG_WARN_OBJC_ROOT_CLASS = YES_ERROR;
				CLANG_WARN_RANGE_LOOP_ANALYSIS = YES;
				CLANG_WARN_STRICT_PROTOTYPES = YES;
				CLANG_WARN_SUSPICIOUS_MOVE = YES;
				CLANG_WARN_UNGUARDED_AVAILABILITY = YES_AGGRESSIVE;
				CLANG_WARN_UNREACHABLE_CODE = YES;
				CLANG_WARN__DUPLICATE_METHOD_MATCH = YES;
				CODE_SIGN_IDENTITY = "iPhone Developer";
				COPY_PHASE_STRIP = NO;
				DEBUG_INFORMATION_FORMAT = "dwarf-with-dsym";
				ENABLE_NS_ASSERTIONS = NO;
				ENABLE_STRICT_OBJC_MSGSEND = YES;
				GCC_C_LANGUAGE_STANDARD = gnu11;
				GCC_NO_COMMON_BLOCKS = YES;
				GCC_WARN_64_TO_32_BIT_CONVERSION = YES;
				GCC_WARN_ABOUT_RETURN_TYPE = YES_ERROR;
				GCC_WARN_UNDECLARED_SELECTOR = YES;
				GCC_WARN_UNINITIALIZED_AUTOS = YES_AGGRESSIVE;
				GCC_WARN_UNUSED_FUNCTION = YES;
				GCC_WARN_UNUSED_VARIABLE = YES;
				IPHONEOS_DEPLOYMENT_TARGET = 12.1;
				MTL_ENABLE_DEBUG_INFO = NO;
				MTL_FAST_MATH = YES;
				SDKROOT = iphoneos;
				SWIFT_COMPILATION_MODE = wholemodule;
				SWIFT_OPTIMIZATION_LEVEL = "-O";
				VALIDATE_PRODUCT = YES;
			};
			name = Release;
		};
		4705C5AB21B6345D00370F44 /* Debug */ = {
			isa = XCBuildConfiguration;
			buildSettings = {
				ASSETCATALOG_COMPILER_APPICON_NAME = AppIcon;
				CODE_SIGN_STYLE = Automatic;
				DEVELOPMENT_TEAM = 5GX5QQB56U;
				INFOPLIST_FILE = LearnChinese/Info.plist;
				IPHONEOS_DEPLOYMENT_TARGET = 11.4;
				LD_RUNPATH_SEARCH_PATHS = (
					"$(inherited)",
					"@executable_path/Frameworks",
				);
				PRODUCT_BUNDLE_IDENTIFIER = com.sorin.LearnChinese;
				PRODUCT_NAME = "$(TARGET_NAME)";
				SWIFT_VERSION = 4.2;
				TARGETED_DEVICE_FAMILY = "1,2";
			};
			name = Debug;
		};
		4705C5AC21B6345D00370F44 /* Release */ = {
			isa = XCBuildConfiguration;
			buildSettings = {
				ASSETCATALOG_COMPILER_APPICON_NAME = AppIcon;
				CODE_SIGN_STYLE = Automatic;
				DEVELOPMENT_TEAM = 5GX5QQB56U;
				INFOPLIST_FILE = LearnChinese/Info.plist;
				IPHONEOS_DEPLOYMENT_TARGET = 11.4;
				LD_RUNPATH_SEARCH_PATHS = (
					"$(inherited)",
					"@executable_path/Frameworks",
				);
				PRODUCT_BUNDLE_IDENTIFIER = com.sorin.LearnChinese;
				PRODUCT_NAME = "$(TARGET_NAME)";
				SWIFT_VERSION = 4.2;
				TARGETED_DEVICE_FAMILY = "1,2";
			};
			name = Release;
		};
/* End XCBuildConfiguration section */

/* Begin XCConfigurationList section */
		4705C59321B6344800370F44 /* Build configuration list for PBXProject "LearnChinese" */ = {
			isa = XCConfigurationList;
			buildConfigurations = (
				4705C5A821B6345D00370F44 /* Debug */,
				4705C5A921B6345D00370F44 /* Release */,
			);
			defaultConfigurationIsVisible = 0;
			defaultConfigurationName = Release;
		};
		4705C5AA21B6345D00370F44 /* Build configuration list for PBXNativeTarget "LearnChinese" */ = {
			isa = XCConfigurationList;
			buildConfigurations = (
				4705C5AB21B6345D00370F44 /* Debug */,
				4705C5AC21B6345D00370F44 /* Release */,
			);
			defaultConfigurationIsVisible = 0;
			defaultConfigurationName = Release;
		};
/* End XCConfigurationList section */

/* Begin XCVersionGroup section */
		4705C5D221B7791B00370F44 /* DBModel.xcdatamodeld */ = {
			isa = XCVersionGroup;
			children = (
				4705C5D321B7791B00370F44 /* DBModel.xcdatamodel */,
			);
			currentVersion = 4705C5D321B7791B00370F44 /* DBModel.xcdatamodel */;
			path = DBModel.xcdatamodeld;
			sourceTree = "<group>";
			versionGroupType = wrapper.xcdatamodel;
		};
/* End XCVersionGroup section */
	};
	rootObject = 4705C59021B6344800370F44 /* Project object */;
}
